
Microsoft Visual Studio Solution File, Format Version 12.00
# Visual Studio 14
VisualStudioVersion = 14.0.25420.1
MinimumVisualStudioVersion = 10.0.40219.1
Project("{FAE04EC0-301F-11D3-BF4B-00C04F79EFBC}") = "TRStreamProcessor", "TRStreamProcessor\TRStreamProcessor.csproj", "{D7E750A9-4D9B-49F7-8232-4B7885959DCA}"
EndProject
Project("{FAE04EC0-301F-11D3-BF4B-00C04F79EFBC}") = "TrsTestClient", "TrsTestClient\TrsTestClient.csproj", "{9276CE89-3738-4AF5-80A2-7C2CDBEBD35C}"
EndProject
Project("{FAE04EC0-301F-11D3-BF4B-00C04F79EFBC}") = "TrsStreamsHost", "TrsStreamsHost\TrsStreamsHost.csproj", "{835A1A8E-125C-4AA1-831B-310E0E110C5E}"
EndProject
Project("{FAE04EC0-301F-11D3-BF4B-00C04F79EFBC}") = "TRMessage", "TRMessage\TRMessage.csproj", "{4D7A0A0C-FED6-4D63-A3A3-81360790CCFD}"
EndProject
Project("{FAE04EC0-301F-11D3-BF4B-00C04F79EFBC}") = "WCFTestClient", "WCFTestClient\WCFTestClient.csproj", "{4637EB59-DB84-419E-9767-A4294161012A}"
EndProject
Global
	GlobalSection(SolutionConfigurationPlatforms) = preSolution
		Debug|Any CPU = Debug|Any CPU
		Release|Any CPU = Release|Any CPU
	EndGlobalSection
	GlobalSection(ProjectConfigurationPlatforms) = postSolution
		{D7E750A9-4D9B-49F7-8232-4B7885959DCA}.Debug|Any CPU.ActiveCfg = Debug|Any CPU
		{D7E750A9-4D9B-49F7-8232-4B7885959DCA}.Debug|Any CPU.Build.0 = Debug|Any CPU
		{D7E750A9-4D9B-49F7-8232-4B7885959DCA}.Release|Any CPU.ActiveCfg = Release|Any CPU
		{D7E750A9-4D9B-49F7-8232-4B7885959DCA}.Release|Any CPU.Build.0 = Release|Any CPU
		{9276CE89-3738-4AF5-80A2-7C2CDBEBD35C}.Debug|Any CPU.ActiveCfg = Debug|Any CPU
		{9276CE89-3738-4AF5-80A2-7C2CDBEBD35C}.Debug|Any CPU.Build.0 = Debug|Any CPU
		{9276CE89-3738-4AF5-80A2-7C2CDBEBD35C}.Release|Any CPU.ActiveCfg = Release|Any CPU
		{9276CE89-3738-4AF5-80A2-7C2CDBEBD35C}.Release|Any CPU.Build.0 = Release|Any CPU
		{835A1A8E-125C-4AA1-831B-310E0E110C5E}.Debug|Any CPU.ActiveCfg = Debug|Any CPU
		{835A1A8E-125C-4AA1-831B-310E0E110C5E}.Debug|Any CPU.Build.0 = Debug|Any CPU
		{835A1A8E-125C-4AA1-831B-310E0E110C5E}.Release|Any CPU.ActiveCfg = Release|Any CPU
		{835A1A8E-125C-4AA1-831B-310E0E110C5E}.Release|Any CPU.Build.0 = Release|Any CPU
		{4D7A0A0C-FED6-4D63-A3A3-81360790CCFD}.Debug|Any CPU.ActiveCfg = Debug|Any CPU
		{4D7A0A0C-FED6-4D63-A3A3-81360790CCFD}.Debug|Any CPU.Build.0 = Debug|Any CPU
		{4D7A0A0C-FED6-4D63-A3A3-81360790CCFD}.Release|Any CPU.ActiveCfg = Release|Any CPU
		{4D7A0A0C-FED6-4D63-A3A3-81360790CCFD}.Release|Any CPU.Build.0 = Release|Any CPU
		{4637EB59-DB84-419E-9767-A4294161012A}.Debug|Any CPU.ActiveCfg = Debug|Any CPU
		{4637EB59-DB84-419E-9767-A4294161012A}.Debug|Any CPU.Build.0 = Debug|Any CPU
		{4637EB59-DB84-419E-9767-A4294161012A}.Release|Any CPU.ActiveCfg = Release|Any CPU
		{4637EB59-DB84-419E-9767-A4294161012A}.Release|Any CPU.Build.0 = Release|Any CPU
	EndGlobalSection
	GlobalSection(SolutionProperties) = preSolution
		HideSolutionNode = FALSE
	EndGlobalSection
EndGlobal
